
Microsoft Visual Studio Solution File, Format Version 12.00
# Visual Studio Version 16
VisualStudioVersion = 16.0.30523.141
MinimumVisualStudioVersion = 10.0.40219.1
Project("{FAE04EC0-301F-11D3-BF4B-00C04F79EFBC}") = "VSFunctionApp", "VSFunctionApp\VSFunctionApp.csproj", "{20964267-7798-47F9-BE7C-A6B8983E93B5}"
EndProject
Global
	GlobalSection(SolutionConfigurationPlatforms) = preSolution
		Debug|Any CPU = Debug|Any CPU
		Release|Any CPU = Release|Any CPU
	EndGlobalSection
	GlobalSection(ProjectConfigurationPlatforms) = postSolution
		{20964267-7798-47F9-BE7C-A6B8983E93B5}.Debug|Any CPU.ActiveCfg = Debug|Any CPU
		{20964267-7798-47F9-BE7C-A6B8983E93B5}.Debug|Any CPU.Build.0 = Debug|Any CPU
		{20964267-7798-47F9-BE7C-A6B8983E93B5}.Release|Any CPU.ActiveCfg = Release|Any CPU
		{20964267-7798-47F9-BE7C-A6B8983E93B5}.Release|Any CPU.Build.0 = Release|Any CPU
	EndGlobalSection
	GlobalSection(SolutionProperties) = preSolution
		HideSolutionNode = FALSE
	EndGlobalSection
	GlobalSection(ExtensibilityGlobals) = postSolution
		SolutionGuid = {8F1BF741-DDD8-4EB5-8B61-103352B03F8F}
	EndGlobalSection
EndGlobal
